
Microsoft Visual Studio Solution File, Format Version 12.00
# Visual Studio Version 17
VisualStudioVersion = 17.4.33205.214
MinimumVisualStudioVersion = 10.0.40219.1
Project("{FAE04EC0-301F-11D3-BF4B-00C04F79EFBC}") = "ECS_Final", "ECS_Final\ECS_Final.csproj", "{CF69568B-4422-4DAB-B3FD-85F2FF45BC32}"
EndProject
Global
	GlobalSection(SolutionConfigurationPlatforms) = preSolution
		Debug|Any CPU = Debug|Any CPU
		Release|Any CPU = Release|Any CPU
	EndGlobalSection
	GlobalSection(ProjectConfigurationPlatforms) = postSolution
		{CF69568B-4422-4DAB-B3FD-85F2FF45BC32}.Debug|Any CPU.ActiveCfg = Debug|Any CPU
		{CF69568B-4422-4DAB-B3FD-85F2FF45BC32}.Debug|Any CPU.Build.0 = Debug|Any CPU
		{CF69568B-4422-4DAB-B3FD-85F2FF45BC32}.Release|Any CPU.ActiveCfg = Release|Any CPU
		{CF69568B-4422-4DAB-B3FD-85F2FF45BC32}.Release|Any CPU.Build.0 = Release|Any CPU
	EndGlobalSection
	GlobalSection(SolutionProperties) = preSolution
		HideSolutionNode = FALSE
	EndGlobalSection
	GlobalSection(ExtensibilityGlobals) = postSolution
		SolutionGuid = {0C1CE9A7-7532-4DFA-80D8-628504CBC99E}
	EndGlobalSection
EndGlobal
